
Microsoft Visual Studio Solution File, Format Version 12.00
# Visual Studio Version 16
VisualStudioVersion = 16.0.31009.304
MinimumVisualStudioVersion = 10.0.40219.1
Project("{FAE04EC0-301F-11D3-BF4B-00C04F79EFBC}") = "ProjectSpy", "ProjectSpy\ProjectSpy.csproj", "{38829681-470A-4CF6-8E04-E9F6CD300813}"
EndProject
Global
	GlobalSection(SolutionConfigurationPlatforms) = preSolution
		Debug|Any CPU = Debug|Any CPU
		Release|Any CPU = Release|Any CPU
	EndGlobalSection
	GlobalSection(ProjectConfigurationPlatforms) = postSolution
		{38829681-470A-4CF6-8E04-E9F6CD300813}.Debug|Any CPU.ActiveCfg = Debug|Any CPU
		{38829681-470A-4CF6-8E04-E9F6CD300813}.Debug|Any CPU.Build.0 = Debug|Any CPU
		{38829681-470A-4CF6-8E04-E9F6CD300813}.Release|Any CPU.ActiveCfg = Release|Any CPU
		{38829681-470A-4CF6-8E04-E9F6CD300813}.Release|Any CPU.Build.0 = Release|Any CPU
	EndGlobalSection
	GlobalSection(SolutionProperties) = preSolution
		HideSolutionNode = FALSE
	EndGlobalSection
	GlobalSection(ExtensibilityGlobals) = postSolution
		SolutionGuid = {A0799024-A217-44ED-BB83-76215675F4D6}
	EndGlobalSection
EndGlobal
